// !$*UTF8*$!
{
	archiveVersion = 1;
	classes = {
	};
	objectVersion = 77;
	objects = {

/* Begin PBXBuildFile section */
		01726C9A2FCB524C004B6BCE /* InspectionRecord.swift in Sources */ = {isa = PBXBuildFile; fileRef = 01726C942FCB524C004B6BCE /* InspectionRecord.swift */; };
		01726C9B2FCB524C004B6BCE /* SyncQueueView.swift in Sources */ = {isa = PBXBuildFile; fileRef = 01726C982FCB524C004B6BCE /* SyncQueueView.swift */; };
		01726C9C2FCB524C004B6BCE /* ExportManager.swift in Sources */ = {isa = PBXBuildFile; fileRef = 01726C902FCB524C004B6BCE /* ExportManager.swift */; };
		01726C9D2FCB524C004B6BCE /* InspectionFormView.swift in Sources */ = {isa = PBXBuildFile; fileRef = 01726C932FCB524C004B6BCE /* InspectionFormView.swift */; };
		01726C9E2FCB524C004B6BCE /* LaunchScreenView.swift in Sources */ = {isa = PBXBuildFile; fileRef = 01726C952FCB524C004B6BCE /* LaunchScreenView.swift */; };
		01726C9F2FCB524C004B6BCE /* DesignSystem.swift in Sources */ = {isa = PBXBuildFile; fileRef = 01726C8F2FCB524C004B6BCE /* DesignSystem.swift */; };
		01726CA12FCB524C004B6BCE /* NetworkManager.swift in Sources */ = {isa = PBXBuildFile; fileRef = 01726C962FCB524C004B6BCE /* NetworkManager.swift */; };
		01726CA22FCB524C004B6BCE /* FieldCaptureManager.swift in Sources */ = {isa = PBXBuildFile; fileRef = 01726C912FCB524C004B6BCE /* FieldCaptureManager.swift */; };
		01726CA32FCB524C004B6BCE /* Assets.xcassets in Resources */ = {isa = PBXBuildFile; fileRef = 01726C8D2FCB524C004B6BCE /* Assets.xcassets */; };
		01726CA42FCB524C004B6BCE /* SETUP.md in Resources */ = {isa = PBXBuildFile; fileRef = 01726C972FCB524C004B6BCE /* SETUP.md */; };
		01726CA52FCB524C004B6BCE /* AppIcon.svg in Resources */ = {isa = PBXBuildFile; fileRef = 01726C8C2FCB524C004B6BCE /* AppIcon.svg */; };
		01726CA92FCD2DEA004B6BCE /* OKWFieldSyncApp-3.swift in Sources */ = {isa = PBXBuildFile; fileRef = 01726CA82FCD2DEA004B6BCE /* OKWFieldSyncApp-3.swift */; };
		01F216782FD6F66000E10578 /* best_v2.mlpackage in Sources */ = {isa = PBXBuildFile; fileRef = 01F216772FD6F66000E10578 /* best_v2.mlpackage */; };
/* End PBXBuildFile section */

/* Begin PBXFileReference section */
		015C927D2FA845A6005C1239 /* OKW FieldSync.app */ = {isa = PBXFileReference; explicitFileType = wrapper.application; includeInIndex = 0; path = "OKW FieldSync.app"; sourceTree = BUILT_PRODUCTS_DIR; };
		01726C8C2FCB524C004B6BCE /* AppIcon.svg */ = {isa = PBXFileReference; lastKnownFileType = text; path = AppIcon.svg; sourceTree = "<group>"; };
		01726C8D2FCB524C004B6BCE /* Assets.xcassets */ = {isa = PBXFileReference; lastKnownFileType = folder.assetcatalog; path = Assets.xcassets; sourceTree = "<group>"; };
		01726C8F2FCB524C004B6BCE /* DesignSystem.swift */ = {isa = PBXFileReference; lastKnownFileType = sourcecode.swift; path = DesignSystem.swift; sourceTree = "<group>"; };
		01726C902FCB524C004B6BCE /* ExportManager.swift */ = {isa = PBXFileReference; lastKnownFileType = sourcecode.swift; path = ExportManager.swift; sourceTree = "<group>"; };
		01726C912FCB524C004B6BCE /* FieldCaptureManager.swift */ = {isa = PBXFileReference; lastKnownFileType = sourcecode.swift; path = FieldCaptureManager.swift; sourceTree = "<group>"; };
		01726C932FCB524C004B6BCE /* InspectionFormView.swift */ = {isa = PBXFileReference; lastKnownFileType = sourcecode.swift; path = InspectionFormView.swift; sourceTree = "<group>"; };
		01726C942FCB524C004B6BCE /* InspectionRecord.swift */ = {isa = PBXFileReference; lastKnownFileType = sourcecode.swift; path = InspectionRecord.swift; sourceTree = "<group>"; };
		01726C952FCB524C004B6BCE /* LaunchScreenView.swift */ = {isa = PBXFileReference; lastKnownFileType = sourcecode.swift; path = LaunchScreenView.swift; sourceTree = "<group>"; };
		01726C962FCB524C004B6BCE /* NetworkManager.swift */ = {isa = PBXFileReference; lastKnownFileType = sourcecode.swift; path = NetworkManager.swift; sourceTree = "<group>"; };
		01726C972FCB524C004B6BCE /* SETUP.md */ = {isa = PBXFileReference; lastKnownFileType = net.daringfireball.markdown; path = SETUP.md; sourceTree = "<group>"; };
		01726C982FCB524C004B6BCE /* SyncQueueView.swift */ = {isa = PBXFileReference; lastKnownFileType = sourcecode.swift; path = SyncQueueView.swift; sourceTree = "<group>"; };
		01726CA82FCD2DEA004B6BCE /* OKWFieldSyncApp-3.swift */ = {isa = PBXFileReference; lastKnownFileType = sourcecode.swift; path = "OKWFieldSyncApp-3.swift"; sourceTree = "<group>"; };
		01F216772FD6F66000E10578 /* best_v2.mlpackage */ = {isa = PBXFileReference; lastKnownFileType = folder.mlpackage; path = best_v2.mlpackage; sourceTree = "<group>"; };
/* End PBXFileReference section */

/* Begin PBXFrameworksBuildPhase section */
		015C927A2FA845A6005C1239 /* Frameworks */ = {
			isa = PBXFrameworksBuildPhase;
			buildActionMask = 2147483647;
			files = (
			);
			runOnlyForDeploymentPostprocessing = 0;
		};
/* End PBXFrameworksBuildPhase section */

/* Begin PBXGroup section */
		015C92742FA845A5005C1239 = {
			isa = PBXGroup;
			children = (
				01726C992FCB524C004B6BCE /* OKW FieldSync */,
				015C927E2FA845A6005C1239 /* Products */,
			);
			sourceTree = "<group>";
		};
		015C927E2FA845A6005C1239 /* Products */ = {
			isa = PBXGroup;
			children = (
				015C927D2FA845A6005C1239 /* OKW FieldSync.app */,
			);
			name = Products;
			sourceTree = "<group>";
		};
		01726C992FCB524C004B6BCE /* OKW FieldSync */ = {
			isa = PBXGroup;
			children = (
				01726C8C2FCB524C004B6BCE /* AppIcon.svg */,
				01726C8D2FCB524C004B6BCE /* Assets.xcassets */,
				01726CA82FCD2DEA004B6BCE /* OKWFieldSyncApp-3.swift */,
				01726C8F2FCB524C004B6BCE /* DesignSystem.swift */,
				01726C902FCB524C004B6BCE /* ExportManager.swift */,
				01726C912FCB524C004B6BCE /* FieldCaptureManager.swift */,
				01726C932FCB524C004B6BCE /* InspectionFormView.swift */,
				01F216772FD6F66000E10578 /* best_v2.mlpackage */,
				01726C942FCB524C004B6BCE /* InspectionRecord.swift */,
				01726C952FCB524C004B6BCE /* LaunchScreenView.swift */,
				01726C962FCB524C004B6BCE /* NetworkManager.swift */,
				01726C972FCB524C004B6BCE /* SETUP.md */,
				01726C982FCB524C004B6BCE /* SyncQueueView.swift */,
			);
			path = "OKW FieldSync";
			sourceTree = "<group>";
		};
/* End PBXGroup section */

/* Begin PBXNativeTarget section */
		015C927C2FA845A6005C1239 /* OKW FieldSync */ = {
			isa = PBXNativeTarget;
			buildConfigurationList = 015C92882FA845A7005C1239 /* Build configuration list for PBXNativeTarget "OKW FieldSync" */;
			buildPhases = (
				015C92792FA845A6005C1239 /* Sources */,
				015C927A2FA845A6005C1239 /* Frameworks */,
				015C927B2FA845A6005C1239 /* Resources */,
			);
			buildRules = (
			);
			dependencies = (
			);
			name = "OKW FieldSync";
			packageProductDependencies = (
			);
			productName = "OKW FieldSync";
			productReference = 015C927D2FA845A6005C1239 /* OKW FieldSync.app */;
			productType = "com.apple.product-type.application";
		};
/* End PBXNativeTarget section */

/* Begin PBXProject section */
		015C92752FA845A5005C1239 /* Project object */ = {
			isa = PBXProject;
			attributes = {
				BuildIndependentTargetsInParallel = 1;
				LastSwiftUpdateCheck = 2630;
				LastUpgradeCheck = 2630;
				TargetAttributes = {
					015C927C2FA845A6005C1239 = {
						CreatedOnToolsVersion = 26.3;
						LastSwiftMigration = 2630;
					};
				};
			};
			buildConfigurationList = 015C92782FA845A5005C1239 /* Build configuration list for PBXProject "OKW FieldSync" */;
			developmentRegion = en;
			hasScannedForEncodings = 0;
			knownRegions = (
				en,
				Base,
			);
			mainGroup = 015C92742FA845A5005C1239;
			minimizedProjectReferenceProxies = 1;
			preferredProjectObjectVersion = 77;
			productRefGroup = 015C927E2FA845A6005C1239 /* Products */;
			projectDirPath = "";
			projectRoot = "";
			targets = (
				015C927C2FA845A6005C1239 /* OKW FieldSync */,
			);
		};
/* End PBXProject section */

/* Begin PBXResourcesBuildPhase section */
		015C927B2FA845A6005C1239 /* Resources */ = {
			isa = PBXResourcesBuildPhase;
			buildActionMask = 2147483647;
			files = (
				01726CA32FCB524C004B6BCE /* Assets.xcassets in Resources */,
				01726CA42FCB524C004B6BCE /* SETUP.md in Resources */,
				01726CA52FCB524C004B6BCE /* AppIcon.svg in Resources */,
			);
			runOnlyForDeploymentPostprocessing = 0;
		};
/* End PBXResourcesBuildPhase section */

/* Begin PBXSourcesBuildPhase section */
		015C92792FA845A6005C1239 /* Sources */ = {
			isa = PBXSourcesBuildPhase;
			buildActionMask = 2147483647;
			files = (
				01726C9A2FCB524C004B6BCE /* InspectionRecord.swift in Sources */,
				01726C9B2FCB524C004B6BCE /* SyncQueueView.swift in Sources */,
				01726CA92FCD2DEA004B6BCE /* OKWFieldSyncApp-3.swift in Sources */,
				01726C9C2FCB524C004B6BCE /* ExportManager.swift in Sources */,
				01726C9D2FCB524C004B6BCE /* InspectionFormView.swift in Sources */,
				01726C9E2FCB524C004B6BCE /* LaunchScreenView.swift in Sources */,
				01726C9F2FCB524C004B6BCE /* DesignSystem.swift in Sources */,
				01F216782FD6F66000E10578 /* best_v2.mlpackage in Sources */,
				01726CA12FCB524C004B6BCE /* NetworkManager.swift in Sources */,
				01726CA22FCB524C004B6BCE /* FieldCaptureManager.swift in Sources */,
			);
			runOnlyForDeploymentPostprocessing = 0;
		};
/* End PBXSourcesBuildPhase section */

/* Begin XCBuildConfiguration section */
		015C92862FA845A7005C1239 /* Debug */ = {
			isa = XCBuildConfiguration;
			buildSettings = {
				ALWAYS_SEARCH_USER_PATHS = NO;
				ASSETCATALOG_COMPILER_GENERATE_SWIFT_ASSET_SYMBOL_EXTENSIONS = YES;
				CLANG_ANALYZER_NONNULL = YES;
				CLANG_ANALYZER_NUMBER_OBJECT_CONVERSION = YES_AGGRESSIVE;
				CLANG_CXX_LANGUAGE_STANDARD = "gnu++20";
				CLANG_ENABLE_MODULES = YES;
				CLANG_ENABLE_OBJC_ARC = YES;
				CLANG_ENABLE_OBJC_WEAK = YES;
				CLANG_WARN_BLOCK_CAPTURE_AUTORELEASING = YES;
				CLANG_WARN_BOOL_CONVERSION = YES;
				CLANG_WARN_COMMA = YES;
				CLANG_WARN_CONSTANT_CONVERSION = YES;
				CLANG_WARN_DEPRECATED_OBJC_IMPLEMENTATIONS = YES;
				CLANG_WARN_DIRECT_OBJC_ISA_USAGE = YES_ERROR;
				CLANG_WARN_DOCUMENTATION_COMMENTS = YES;
				CLANG_WARN_EMPTY_BODY = YES;
				CLANG_WARN_ENUM_CONVERSION = YES;
				CLANG_WARN_INFINITE_RECURSION = YES;
				CLANG_WARN_INT_CONVERSION = YES;
				CLANG_WARN_NON_LITERAL_NULL_CONVERSION = YES;
				CLANG_WARN_OBJC_IMPLICIT_RETAIN_SELF = YES;
				CLANG_WARN_OBJC_LITERAL_CONVERSION = YES;
				CLANG_WARN_OBJC_ROOT_CLASS = YES_ERROR;
				CLANG_WARN_QUOTED_INCLUDE_IN_FRAMEWORK_HEADER = YES;
				CLANG_WARN_RANGE_LOOP_ANALYSIS = YES;
				CLANG_WARN_STRICT_PROTOTYPES = YES;
				CLANG_WARN_SUSPICIOUS_MOVE = YES;
				CLANG_WARN_UNGUARDED_AVAILABILITY = YES_AGGRESSIVE;
				CLANG_WARN_UNREACHABLE_CODE = YES;
				CLANG_WARN__DUPLICATE_METHOD_MATCH = YES;
				COPY_PHASE_STRIP = NO;
				DEBUG_INFORMATION_FORMAT = dwarf;
				ENABLE_STRICT_OBJC_MSGSEND = YES;
				ENABLE_TESTABILITY = YES;
				ENABLE_USER_SCRIPT_SANDBOXING = YES;
				GCC_C_LANGUAGE_STANDARD = gnu17;
				GCC_DYNAMIC_NO_PIC = NO;
				GCC_NO_COMMON_BLOCKS = YES;
				GCC_OPTIMIZATION_LEVEL = 0;
				GCC_PREPROCESSOR_DEFINITIONS = (
					"DEBUG=1",
					"$(inherited)",
				);
				GCC_WARN_64_TO_32_BIT_CONVERSION = YES;
				GCC_WARN_ABOUT_RETURN_TYPE = YES_ERROR;
				GCC_WARN_UNDECLARED_SELECTOR = YES;
				GCC_WARN_UNINITIALIZED_AUTOS = YES_AGGRESSIVE;
				GCC_WARN_UNUSED_FUNCTION = YES;
				GCC_WARN_UNUSED_VARIABLE = YES;
				IPHONEOS_DEPLOYMENT_TARGET = 26.2;
				LOCALIZATION_PREFERS_STRING_CATALOGS = YES;
				MTL_ENABLE_DEBUG_INFO = INCLUDE_SOURCE;
				MTL_FAST_MATH = YES;
				ONLY_ACTIVE_ARCH = YES;
				SDKROOT = iphoneos;
				SWIFT_ACTIVE_COMPILATION_CONDITIONS = "DEBUG $(inherited)";
				SWIFT_OPTIMIZATION_LEVEL = "-Onone";
			};
			name = Debug;
		};
		015C92872FA845A7005C1239 /* Release */ = {
			isa = XCBuildConfiguration;
			buildSettings = {
				ALWAYS_SEARCH_USER_PATHS = NO;
				ASSETCATALOG_COMPILER_GENERATE_SWIFT_ASSET_SYMBOL_EXTENSIONS = YES;
				CLANG_ANALYZER_NONNULL = YES;
				CLANG_ANALYZER_NUMBER_OBJECT_CONVERSION = YES_AGGRESSIVE;
				CLANG_CXX_LANGUAGE_STANDARD = "gnu++20";
				CLANG_ENABLE_MODULES = YES;
				CLANG_ENABLE_OBJC_ARC = YES;
				CLANG_ENABLE_OBJC_WEAK = YES;
				CLANG_WARN_BLOCK_CAPTURE_AUTORELEASING = YES;
				CLANG_WARN_BOOL_CONVERSION = YES;
				CLANG_WARN_COMMA = YES;
				CLANG_WARN_CONSTANT_CONVERSION = YES;
				CLANG_WARN_DEPRECATED_OBJC_IMPLEMENTATIONS = YES;
				CLANG_WARN_DIRECT_OBJC_ISA_USAGE = YES_ERROR;
				CLANG_WARN_DOCUMENTATION_COMMENTS = YES;
				CLANG_WARN_EMPTY_BODY = YES;
				CLANG_WARN_ENUM_CONVERSION = YES;
				CLANG_WARN_INFINITE_RECURSION = YES;
				CLANG_WARN_INT_CONVERSION = YES;
				CLANG_WARN_NON_LITERAL_NULL_CONVERSION = YES;
				CLANG_WARN_OBJC_IMPLICIT_RETAIN_SELF = YES;
				CLANG_WARN_OBJC_LITERAL_CONVERSION = YES;
				CLANG_WARN_OBJC_ROOT_CLASS = YES_ERROR;
				CLANG_WARN_QUOTED_INCLUDE_IN_FRAMEWORK_HEADER = YES;
				CLANG_WARN_RANGE_LOOP_ANALYSIS = YES;
				CLANG_WARN_STRICT_PROTOTYPES = YES;
				CLANG_WARN_SUSPICIOUS_MOVE = YES;
				CLANG_WARN_UNGUARDED_AVAILABILITY = YES_AGGRESSIVE;
				CLANG_WARN_UNREACHABLE_CODE = YES;
				CLANG_WARN__DUPLICATE_METHOD_MATCH = YES;
				COPY_PHASE_STRIP = NO;
				DEBUG_INFORMATION_FORMAT = "dwarf-with-dsym";
				ENABLE_NS_ASSERTIONS = NO;
				ENABLE_STRICT_OBJC_MSGSEND = YES;
				ENABLE_USER_SCRIPT_SANDBOXING = YES;
				GCC_C_LANGUAGE_STANDARD = gnu17;
				GCC_NO_COMMON_BLOCKS = YES;
				GCC_WARN_64_TO_32_BIT_CONVERSION = YES;
				GCC_WARN_ABOUT_RETURN_TYPE = YES_ERROR;
				GCC_WARN_UNDECLARED_SELECTOR = YES;
				GCC_WARN_UNINITIALIZED_AUTOS = YES_AGGRESSIVE;
				GCC_WARN_UNUSED_FUNCTION = YES;
				GCC_WARN_UNUSED_VARIABLE = YES;
				IPHONEOS_DEPLOYMENT_TARGET = 26.2;
				LOCALIZATION_PREFERS_STRING_CATALOGS = YES;
				MTL_ENABLE_DEBUG_INFO = NO;
				MTL_FAST_MATH = YES;
				SDKROOT = iphoneos;
				SWIFT_COMPILATION_MODE = wholemodule;
				VALIDATE_PRODUCT = YES;
			};
			name = Release;
		};
		015C92892FA845A7005C1239 /* Debug */ = {
			isa = XCBuildConfiguration;
			buildSettings = {
				ASSETCATALOG_COMPILER_APPICON_NAME = AppIcon;
				ASSETCATALOG_COMPILER_GLOBAL_ACCENT_COLOR_NAME = AccentColor;
				CLANG_ENABLE_MODULES = YES;
				CODE_SIGN_STYLE = Automatic;
				CURRENT_PROJECT_VERSION = 1;
				DEVELOPMENT_TEAM = HD9MXYY7LT;
				ENABLE_PREVIEWS = YES;
				GENERATE_INFOPLIST_FILE = YES;
				INFOPLIST_FILE = "OKW-FieldSync-Info.plist";
				INFOPLIST_KEY_CFBundleDisplayName = "";
				INFOPLIST_KEY_LSApplicationCategoryType = "";
				INFOPLIST_KEY_NSCameraUsageDescription = "OKW FieldSync needs camera access to photograph pipe materials";
				INFOPLIST_KEY_NSLocationWhenInUseUsageDescription = "OKW FieldSync needs location for GPS coordinates";
				INFOPLIST_KEY_UIApplicationSceneManifest_Generation = YES;
				INFOPLIST_KEY_UIApplicationSupportsIndirectInputEvents = YES;
				INFOPLIST_KEY_UILaunchScreen_Generation = YES;
				INFOPLIST_KEY_UISupportedInterfaceOrientations_iPad = "UIInterfaceOrientationPortrait UIInterfaceOrientationPortraitUpsideDown UIInterfaceOrientationLandscapeLeft UIInterfaceOrientationLandscapeRight";
				INFOPLIST_KEY_UISupportedInterfaceOrientations_iPhone = "UIInterfaceOrientationPortrait UIInterfaceOrientationLandscapeLeft UIInterfaceOrientationLandscapeRight";
				IPHONEOS_DEPLOYMENT_TARGET = 17.6;
				LD_RUNPATH_SEARCH_PATHS = (
					"$(inherited)",
					"@executable_path/Frameworks",
				);
				MARKETING_VERSION = 1.0;
				PRODUCT_BUNDLE_IDENTIFIER = "MVP.OKW-FieldSync";
				PRODUCT_NAME = "$(TARGET_NAME)";
				STRING_CATALOG_GENERATE_SYMBOLS = YES;
				SWIFT_APPROACHABLE_CONCURRENCY = YES;
				SWIFT_DEFAULT_ACTOR_ISOLATION = MainActor;
				SWIFT_EMIT_LOC_STRINGS = YES;
				SWIFT_OBJC_BRIDGING_HEADER = "";
				SWIFT_OPTIMIZATION_LEVEL = "-Onone";
				SWIFT_UPCOMING_FEATURE_MEMBER_IMPORT_VISIBILITY = YES;
				SWIFT_VERSION = 5.0;
				TARGETED_DEVICE_FAMILY = "1,2";
			};
			name = Debug;
		};
		015C928A2FA845A7005C1239 /* Release */ = {
			isa = XCBuildConfiguration;
			buildSettings = {
				ASSETCATALOG_COMPILER_APPICON_NAME = AppIcon;
				ASSETCATALOG_COMPILER_GLOBAL_ACCENT_COLOR_NAME = AccentColor;
				CLANG_ENABLE_MODULES = YES;
				CODE_SIGN_STYLE = Automatic;
				CURRENT_PROJECT_VERSION = 1;
				DEVELOPMENT_TEAM = HD9MXYY7LT;
				ENABLE_PREVIEWS = YES;
				GENERATE_INFOPLIST_FILE = YES;
				INFOPLIST_FILE = "OKW-FieldSync-Info.plist";
				INFOPLIST_KEY_CFBundleDisplayName = "";
				INFOPLIST_KEY_LSApplicationCategoryType = "";
				INFOPLIST_KEY_NSCameraUsageDescription = "OKW FieldSync needs camera access to photograph pipe materials";
				INFOPLIST_KEY_NSLocationWhenInUseUsageDescription = "OKW FieldSync needs location for GPS coordinates";
				INFOPLIST_KEY_UIApplicationSceneManifest_Generation = YES;
				INFOPLIST_KEY_UIApplicationSupportsIndirectInputEvents = YES;
				INFOPLIST_KEY_UILaunchScreen_Generation = YES;
				INFOPLIST_KEY_UISupportedInterfaceOrientations_iPad = "UIInterfaceOrientationPortrait UIInterfaceOrientationPortraitUpsideDown UIInterfaceOrientationLandscapeLeft UIInterfaceOrientationLandscapeRight";
				INFOPLIST_KEY_UISupportedInterfaceOrientations_iPhone = "UIInterfaceOrientationPortrait UIInterfaceOrientationLandscapeLeft UIInterfaceOrientationLandscapeRight";
				IPHONEOS_DEPLOYMENT_TARGET = 17.6;
				LD_RUNPATH_SEARCH_PATHS = (
					"$(inherited)",
					"@executable_path/Frameworks",
				);
				MARKETING_VERSION = 1.0;
				PRODUCT_BUNDLE_IDENTIFIER = "MVP.OKW-FieldSync";
				PRODUCT_NAME = "$(TARGET_NAME)";
				STRING_CATALOG_GENERATE_SYMBOLS = YES;
				SWIFT_APPROACHABLE_CONCURRENCY = YES;
				SWIFT_DEFAULT_ACTOR_ISOLATION = MainActor;
				SWIFT_EMIT_LOC_STRINGS = YES;
				SWIFT_OBJC_BRIDGING_HEADER = "";
				SWIFT_UPCOMING_FEATURE_MEMBER_IMPORT_VISIBILITY = YES;
				SWIFT_VERSION = 5.0;
				TARGETED_DEVICE_FAMILY = "1,2";
			};
			name = Release;
		};
/* End XCBuildConfiguration section */

/* Begin XCConfigurationList section */
		015C92782FA845A5005C1239 /* Build configuration list for PBXProject "OKW FieldSync" */ = {
			isa = XCConfigurationList;
			buildConfigurations = (
				015C92862FA845A7005C1239 /* Debug */,
				015C92872FA845A7005C1239 /* Release */,
			);
			defaultConfigurationIsVisible = 0;
			defaultConfigurationName = Release;
		};
		015C92882FA845A7005C1239 /* Build configuration list for PBXNativeTarget "OKW FieldSync" */ = {
			isa = XCConfigurationList;
			buildConfigurations = (
				015C92892FA845A7005C1239 /* Debug */,
				015C928A2FA845A7005C1239 /* Release */,
			);
			defaultConfigurationIsVisible = 0;
			defaultConfigurationName = Release;
		};
/* End XCConfigurationList section */
	};
	rootObject = 015C92752FA845A5005C1239 /* Project object */;
}
